
Microsoft Visual Studio Solution File, Format Version 12.00
# Visual Studio Version 16
VisualStudioVersion = 16.0.32106.194
MinimumVisualStudioVersion = 10.0.40219.1
Project("{FAE04EC0-301F-11D3-BF4B-00C04F79EFBC}") = "TICKETBOOKING", "TICKETBOOKING\TICKETBOOKING.csproj", "{FAF7A619-6576-4423-AFD6-549C48C6234C}"
EndProject
Global
	GlobalSection(SolutionConfigurationPlatforms) = preSolution
		Debug|Any CPU = Debug|Any CPU
		Release|Any CPU = Release|Any CPU
	EndGlobalSection
	GlobalSection(ProjectConfigurationPlatforms) = postSolution
		{FAF7A619-6576-4423-AFD6-549C48C6234C}.Debug|Any CPU.ActiveCfg = Debug|Any CPU
		{FAF7A619-6576-4423-AFD6-549C48C6234C}.Debug|Any CPU.Build.0 = Debug|Any CPU
		{FAF7A619-6576-4423-AFD6-549C48C6234C}.Release|Any CPU.ActiveCfg = Release|Any CPU
		{FAF7A619-6576-4423-AFD6-549C48C6234C}.Release|Any CPU.Build.0 = Release|Any CPU
	EndGlobalSection
	GlobalSection(SolutionProperties) = preSolution
		HideSolutionNode = FALSE
	EndGlobalSection
	GlobalSection(ExtensibilityGlobals) = postSolution
		SolutionGuid = {5C0FC365-B2BD-4DCD-9A74-335F113FC171}
	EndGlobalSection
EndGlobal
